PODS:
  - Flutter (1.0.0)
  - image_picker_ios (0.0.1):
    - Flutter
  - LibTorch (2.1.1):
    - LibTorch/Core (= 2.1.1)
  - LibTorch/Core (2.1.1):
    - LibTorch/Torch
  - LibTorch/Torch (2.1.1)
  - path_provider_ios (0.0.1):
    - Flutter
  - pytorch_mobile_v2 (0.0.1):
    - Flutter
    - LibTorch (~> 2.1.1)

DEPENDENCIES:
  - Flutter (from `Flutter`)
  - image_picker_ios (from `.symlinks/plugins/image_picker_ios/ios`)
  - path_provider_ios (from `.symlinks/plugins/path_provider_ios/ios`)
  - pytorch_mobile_v2 (from `.symlinks/plugins/pytorch_mobile_v2/ios`)

SPEC REPOS:
  trunk:
    - LibTorch

EXTERNAL SOURCES:
  Flutter:
    :path: Flutter
  image_picker_ios:
    :path: ".symlinks/plugins/image_picker_ios/ios"
  path_provider_ios:
    :path: ".symlinks/plugins/path_provider_ios/ios"
  pytorch_mobile_v2:
    :path: ".symlinks/plugins/pytorch_mobile_v2/ios"

SPEC CHECKSUMS:
  Flutter: f04841e97a9d0b0a8025694d0796dd46242b2854
  image_picker_ios: b786a5dcf033a8336a657191401bfdf12017dabb
  LibTorch: 76f0225df2cc2adb040f26f1a787f7a384ad32cb
  path_provider_ios: 14f3d2fd28c4fdb42f44e0f751d12861c43cee02
  pytorch_mobile_v2: 7916deb23c2245595458e45d3f3e774e6513712f

PODFILE CHECKSUM: d9646c0250b6c86682c69a86e40f54c636c64ae4

COCOAPODS: 1.11.3
